
Microsoft Visual Studio Solution File, Format Version 12.00
# Visual Studio Version 17
VisualStudioVersion = 17.9.34728.123
MinimumVisualStudioVersion = 10.0.40219.1
Project("{FAE04EC0-301F-11D3-BF4B-00C04F79EFBC}") = "E-PharmaHub", "E-PharmaHub\E-PharmaHub.csproj", "{D39140EF-862E-401D-883D-E0380882391B}"
EndProject
Global
	GlobalSection(SolutionConfigurationPlatforms) = preSolution
		Debug|Any CPU = Debug|Any CPU
		Release|Any CPU = Release|Any CPU
	EndGlobalSection
	GlobalSection(ProjectConfigurationPlatforms) = postSolution
		{D39140EF-862E-401D-883D-E0380882391B}.Debug|Any CPU.ActiveCfg = Debug|Any CPU
		{D39140EF-862E-401D-883D-E0380882391B}.Debug|Any CPU.Build.0 = Debug|Any CPU
		{D39140EF-862E-401D-883D-E0380882391B}.Release|Any CPU.ActiveCfg = Release|Any CPU
		{D39140EF-862E-401D-883D-E0380882391B}.Release|Any CPU.Build.0 = Release|Any CPU
	EndGlobalSection
	GlobalSection(SolutionProperties) = preSolution
		HideSolutionNode = FALSE
	EndGlobalSection
	GlobalSection(ExtensibilityGlobals) = postSolution
		SolutionGuid = {358625B8-052A-45D7-B24D-7F945676ECA9}
	EndGlobalSection
EndGlobal
